
Microsoft Visual Studio Solution File, Format Version 12.00
# Visual Studio Version 17
VisualStudioVersion = 17.9.34723.18
MinimumVisualStudioVersion = 10.0.40219.1
Project("{9A19103F-16F7-4668-BE54-9A1E7A4F7556}") = "WebApiProject", "WebApiProject\WebApiProject.csproj", "{D88AC06D-D175-4126-B46C-65825F76FF26}"
EndProject
Project("{FAE04EC0-301F-11D3-BF4B-00C04F79EFBC}") = "WebApiProject.Tests", "WebApiProject.Tests\WebApiProject.Tests.csproj", "{4A579DC8-5E86-431A-92D1-4B6B539C0687}"
EndProject
Project("{FAE04EC0-301F-11D3-BF4B-00C04F79EFBC}") = "Entities", "Entities\Entities.csproj", "{3CDF3D87-C724-452E-9BBD-858827DEA37B}"
EndProject
Global
	GlobalSection(SolutionConfigurationPlatforms) = preSolution
		Debug|Any CPU = Debug|Any CPU
		Release|Any CPU = Release|Any CPU
	EndGlobalSection
	GlobalSection(ProjectConfigurationPlatforms) = postSolution
		{D88AC06D-D175-4126-B46C-65825F76FF26}.Debug|Any CPU.ActiveCfg = Debug|Any CPU
		{D88AC06D-D175-4126-B46C-65825F76FF26}.Debug|Any CPU.Build.0 = Debug|Any CPU
		{D88AC06D-D175-4126-B46C-65825F76FF26}.Release|Any CPU.ActiveCfg = Release|Any CPU
		{D88AC06D-D175-4126-B46C-65825F76FF26}.Release|Any CPU.Build.0 = Release|Any CPU
		{4A579DC8-5E86-431A-92D1-4B6B539C0687}.Debug|Any CPU.ActiveCfg = Debug|Any CPU
		{4A579DC8-5E86-431A-92D1-4B6B539C0687}.Debug|Any CPU.Build.0 = Debug|Any CPU
		{4A579DC8-5E86-431A-92D1-4B6B539C0687}.Release|Any CPU.ActiveCfg = Release|Any CPU
		{4A579DC8-5E86-431A-92D1-4B6B539C0687}.Release|Any CPU.Build.0 = Release|Any CPU
		{3CDF3D87-C724-452E-9BBD-858827DEA37B}.Debug|Any CPU.ActiveCfg = Debug|Any CPU
		{3CDF3D87-C724-452E-9BBD-858827DEA37B}.Debug|Any CPU.Build.0 = Debug|Any CPU
		{3CDF3D87-C724-452E-9BBD-858827DEA37B}.Release|Any CPU.ActiveCfg = Release|Any CPU
		{3CDF3D87-C724-452E-9BBD-858827DEA37B}.Release|Any CPU.Build.0 = Release|Any CPU
	EndGlobalSection
	GlobalSection(SolutionProperties) = preSolution
		HideSolutionNode = FALSE
	EndGlobalSection
	GlobalSection(ExtensibilityGlobals) = postSolution
		SolutionGuid = {AA482941-C2D3-4D22-B078-4DA78155D247}
	EndGlobalSection
EndGlobal
